github.com/aws/amazon-vpc-cni-k8s v1.20.4 h1:GLij+rFUE6gtUncGXeJqwlzDx10CTzDCf3746YXa1m8=
github.com/aws/amazon-vpc-cni-k8s v1.20.4/go.mod h1:HfKBVKc/z9vSFZN06uWOWfwFKthvl10hGoSWhIwiF0A=
github.com/coreos/go-iptables v0.8.0 h1:MPc2P89IhuVpLI7ETL/2tx3XZ61VeICZjYqDEgNsPRc=
github.com/coreos/go-iptables v0.8.0/go.mod h1:Qe8Bv2Xik5FyTXwgIbLAnv2sWSBmvWdFETJConOQ//Q=
github.com/vishvananda/netlink v1.3.1 h1:3AEMt62VKqz90r0tmNhog0r/PpWKmrEShJU0wJW6bV0=
github.com/vishvananda/netlink v1.3.1/go.mod h1:ARtKouGSTGchR8aMwmkzC0qiNPrrWO5JS/XMVl45+b4=
github.com/vishvananda/netns v0.0.5 h1:DfiHV+j8bA32MFM7bfEunvT8IAqQ/NzSJHtcmW5zdEY=
github.com/vishvananda/netns v0.0.5/go.mod h1:SpkAiCQRtJ6TvvxPnOSyH3BMl6unz3xZlaprSwhNNJM=
golang.org/x/sys v0.2.0/go.mod h1:oPkhp1MJrh7nUepCBck5+mAzfO9JrbApNNgaTdGDITg=
golang.org/x/sys v0.10.0/go.mod h1:oPkhp1MJrh7nUepCBck5+mAzfO9JrbApNNgaTdGDITg=
golang.org/x/sys v0.37.0 h1:fdNQudmxPjkdUTPnLn5mdQv7Zwvbvpaxqs831goi9kQ=
golang.org/x/sys v0.37.0/go.mod h1:OgkHotnGiDImocRcuBABYBEXf8A9a87e/uXjp9XT3ks=
