github.com/coreos/go-iptables v0.8.0 h1:MPc2P89IhuVpLI7ETL/2tx3XZ61VeICZjYqDEgNsPRc=
github.com/coreos/go-iptables v0.8.0/go.mod h1:Qe8Bv2Xik5FyTXwgIbLAnv2sWSBmvWdFETJConOQ//Q=
github.com/vishvananda/netlink v1.3.0 h1:X7l42GfcV4S6E4vHTsw48qbrV+9PVojNfIhZcwQdrZk=
github.com/vishvananda/netlink v1.3.0/go.mod h1:i6NetklAujEcC6fK0JPjT8qSwWyO0HLn4UKG+hGqeJs=
github.com/vishvananda/netns v0.0.4 h1:Oeaw1EM2JMxD51g9uhtC0D7erkIjgmj8+JZc26m1YX8=
github.com/vishvananda/netns v0.0.4/go.mod h1:SpkAiCQRtJ6TvvxPnOSyH3BMl6unz3xZlaprSwhNNJM=
golang.org/x/sys v0.2.0/go.mod h1:oPkhp1MJrh7nUepCBck5+mAzfO9JrbApNNgaTdGDITg=
golang.org/x/sys v0.10.0/go.mod h1:oPkhp1MJrh7nUepCBck5+mAzfO9JrbApNNgaTdGDITg=
golang.org/x/sys v0.31.0 h1:ioabZlmFYtWhL+TRYpcnNlLwhyxaM9kWTDEmfnprqik=
golang.org/x/sys v0.31.0/go.mod h1:BJP2sWEmIv4KK5OTEluFJCKSidICx8ciO85XgH3Ak8k=
